// !$*UTF8*$!
{
	archiveVersion = 1;
	classes = {
	};
	objectVersion = 46;
	objects = {

/* Begin PBXBuildFile section */
		AC0DA74C14C9437700E12C5C /* Foundation.framework in Frameworks */ = {isa = PBXBuildFile; fileRef = AC0DA74B14C9437700E12C5C /* Foundation.framework */; };
		AC0DA74F14C9437700E12C5C /* main.m in Sources */ = {isa = PBXBuildFile; fileRef = AC0DA74E14C9437700E12C5C /* main.m */; };
		AC0DA75914C9439400E12C5C /* PolyMorphism.m in Sources */ = {isa = PBXBuildFile; fileRef = AC0DA75814C9439400E12C5C /* PolyMorphism.m */; };
/* End PBXBuildFile section */

/* Begin PBXCopyFilesBuildPhase section */
		AC0DA74514C9437700E12C5C /* CopyFiles */ = {
			isa = PBXCopyFilesBuildPhase;
			buildActionMask = 2147483647;
			dstPath = /usr/share/man/man1/;
			dstSubfolderSpec = 0;
			files = (
			);
			runOnlyForDeploymentPostprocessing = 1;
		};
/* End PBXCopyFilesBuildPhase section */

/* Begin PBXFileReference section */
		AC0DA74714C9437700E12C5C /* practise8Poly */ = {isa = PBXFileReference; explicitFileType = "compiled.mach-o.executable"; includeInIndex = 0; path = practise8Poly; sourceTree = BUILT_PRODUCTS_DIR; };
		AC0DA74B14C9437700E12C5C /* Foundation.framework */ = {isa = PBXFileReference; lastKnownFileType = wrapper.framework; name = Foundation.framework; path = System/Library/Frameworks/Foundation.framework; sourceTree = SDKROOT; };
		AC0DA74D14C9437700E12C5C /* practise8Poly.1 */ = {isa = PBXFileReference; lastKnownFileType = text.man; path = practise8Poly.1; sourceTree = "<group>"; };
		AC0DA74E14C9437700E12C5C /* main.m */ = {isa = PBXFileReference; lastKnownFileType = sourcecode.c.objc; path = main.m; sourceTree = "<group>"; };
		AC0DA75114C9437700E12C5C /* practise8Poly-Prefix.pch */ = {isa = PBXFileReference; lastKnownFileType = sourcecode.c.h; path = "practise8Poly-Prefix.pch"; sourceTree = "<group>"; };
		AC0DA75714C9439400E12C5C /* PolyMorphism.h */ = {isa = PBXFileReference; fileEncoding = 4; lastKnownFileType = sourcecode.c.h; path = PolyMorphism.h; sourceTree = "<group>"; };
		AC0DA75814C9439400E12C5C /* PolyMorphism.m */ = {isa = PBXFileReference; fileEncoding = 4; lastKnownFileType = sourcecode.c.objc; path = PolyMorphism.m; sourceTree = "<group>"; };
/* End PBXFileReference section */

/* Begin PBXFrameworksBuildPhase section */
		AC0DA74414C9437700E12C5C /* Frameworks */ = {
			isa = PBXFrameworksBuildPhase;
			buildActionMask = 2147483647;
			files = (
				AC0DA74C14C9437700E12C5C /* Foundation.framework in Frameworks */,
			);
			runOnlyForDeploymentPostprocessing = 0;
		};
/* End PBXFrameworksBuildPhase section */

/* Begin PBXGroup section */
		AC0DA73A14C9437700E12C5C = {
			isa = PBXGroup;
			children = (
				AC0DA74114C9437700E12C5C /* Source */,
				AC0DA74214C9437700E12C5C /* Documentation */,
				AC0DA74814C9437700E12C5C /* Products */,
				AC0DA74A14C9437700E12C5C /* Frameworks */,
				AC0DA75014C9437700E12C5C /* Other Sources */,
			);
			sourceTree = "<group>";
		};
		AC0DA74114C9437700E12C5C /* Source */ = {
			isa = PBXGroup;
			children = (
				AC0DA74E14C9437700E12C5C /* main.m */,
				AC0DA75714C9439400E12C5C /* PolyMorphism.h */,
				AC0DA75814C9439400E12C5C /* PolyMorphism.m */,
			);
			path = Source;
			sourceTree = "<group>";
		};
		AC0DA74214C9437700E12C5C /* Documentation */ = {
			isa = PBXGroup;
			children = (
				AC0DA74D14C9437700E12C5C /* practise8Poly.1 */,
			);
			name = Documentation;
			sourceTree = "<group>";
		};
		AC0DA74814C9437700E12C5C /* Products */ = {
			isa = PBXGroup;
			children = (
				AC0DA74714C9437700E12C5C /* practise8Poly */,
			);
			name = Products;
			sourceTree = "<group>";
		};
		AC0DA74A14C9437700E12C5C /* Frameworks */ = {
			isa = PBXGroup;
			children = (
				AC0DA74B14C9437700E12C5C /* Foundation.framework */,
			);
			name = Frameworks;
			sourceTree = "<group>";
		};
		AC0DA75014C9437700E12C5C /* Other Sources */ = {
			isa = PBXGroup;
			children = (
				AC0DA75114C9437700E12C5C /* practise8Poly-Prefix.pch */,
			);
			name = "Other Sources";
			sourceTree = "<group>";
		};
/* End PBXGroup section */

/* Begin PBXNativeTarget section */
		AC0DA74614C9437700E12C5C /* practise8Poly */ = {
			isa = PBXNativeTarget;
			buildConfigurationList = AC0DA75414C9437700E12C5C /* Build configuration list for PBXNativeTarget "practise8Poly" */;
			buildPhases = (
				AC0DA74314C9437700E12C5C /* Sources */,
				AC0DA74414C9437700E12C5C /* Frameworks */,
				AC0DA74514C9437700E12C5C /* CopyFiles */,
			);
			buildRules = (
			);
			dependencies = (
			);
			name = practise8Poly;
			productName = practise8Poly;
			productReference = AC0DA74714C9437700E12C5C /* practise8Poly */;
			productType = "com.apple.product-type.tool";
		};
/* End PBXNativeTarget section */

/* Begin PBXProject section */
		AC0DA73C14C9437700E12C5C /* Project object */ = {
			isa = PBXProject;
			buildConfigurationList = AC0DA73F14C9437700E12C5C /* Build configuration list for PBXProject "practise8Poly" */;
			compatibilityVersion = "Xcode 3.2";
			developmentRegion = English;
			hasScannedForEncodings = 0;
			knownRegions = (
				en,
			);
			mainGroup = AC0DA73A14C9437700E12C5C;
			productRefGroup = AC0DA74814C9437700E12C5C /* Products */;
			projectDirPath = "";
			projectRoot = "";
			targets = (
				AC0DA74614C9437700E12C5C /* practise8Poly */,
			);
		};
/* End PBXProject section */

/* Begin PBXSourcesBuildPhase section */
		AC0DA74314C9437700E12C5C /* Sources */ = {
			isa = PBXSourcesBuildPhase;
			buildActionMask = 2147483647;
			files = (
				AC0DA74F14C9437700E12C5C /* main.m in Sources */,
				AC0DA75914C9439400E12C5C /* PolyMorphism.m in Sources */,
			);
			runOnlyForDeploymentPostprocessing = 0;
		};
/* End PBXSourcesBuildPhase section */

/* Begin XCBuildConfiguration section */
		AC0DA75214C9437700E12C5C /* Debug */ = {
			isa = XCBuildConfiguration;
			buildSettings = {
				ARCHS = "$(ARCHS_STANDARD_32_64_BIT)";
				GCC_C_LANGUAGE_STANDARD = gnu99;
				GCC_OPTIMIZATION_LEVEL = 0;
				GCC_PREPROCESSOR_DEFINITIONS = DEBUG;
				GCC_VERSION = com.apple.compilers.llvm.clang.1_0;
				GCC_WARN_ABOUT_RETURN_TYPE = YES;
				GCC_WARN_UNUSED_VARIABLE = YES;
				MACOSX_DEPLOYMENT_TARGET = 10.6;
				ONLY_ACTIVE_ARCH = YES;
				PREBINDING = NO;
				SDKROOT = macosx;
			};
			name = Debug;
		};
		AC0DA75314C9437700E12C5C /* Release */ = {
			isa = XCBuildConfiguration;
			buildSettings = {
				ARCHS = "$(ARCHS_STANDARD_32_64_BIT)";
				GCC_C_LANGUAGE_STANDARD = gnu99;
				GCC_VERSION = com.apple.compilers.llvm.clang.1_0;
				GCC_WARN_ABOUT_RETURN_TYPE = YES;
				GCC_WARN_UNUSED_VARIABLE = YES;
				MACOSX_DEPLOYMENT_TARGET = 10.6;
				PREBINDING = NO;
				SDKROOT = macosx;
			};
			name = Release;
		};
		AC0DA75514C9437700E12C5C /* Debug */ = {
			isa = XCBuildConfiguration;
			buildSettings = {
				ALWAYS_SEARCH_USER_PATHS = NO;
				COPY_PHASE_STRIP = NO;
				GCC_DYNAMIC_NO_PIC = NO;
				GCC_ENABLE_OBJC_EXCEPTIONS = YES;
				GCC_PRECOMPILE_PREFIX_HEADER = YES;
				GCC_PREFIX_HEADER = "practise8Poly-Prefix.pch";
				INSTALL_PATH = /usr/local/bin;
				PRODUCT_NAME = "$(TARGET_NAME)";
			};
			name = Debug;
		};
		AC0DA75614C9437700E12C5C /* Release */ = {
			isa = XCBuildConfiguration;
			buildSettings = {
				ALWAYS_SEARCH_USER_PATHS = NO;
				COPY_PHASE_STRIP = YES;
				DEBUG_INFORMATION_FORMAT = "dwarf-with-dsym";
				GCC_ENABLE_OBJC_EXCEPTIONS = YES;
				GCC_PRECOMPILE_PREFIX_HEADER = YES;
				GCC_PREFIX_HEADER = "practise8Poly-Prefix.pch";
				INSTALL_PATH = /usr/local/bin;
				PRODUCT_NAME = "$(TARGET_NAME)";
			};
			name = Release;
		};
/* End XCBuildConfiguration section */

/* Begin XCConfigurationList section */
		AC0DA73F14C9437700E12C5C /* Build configuration list for PBXProject "practise8Poly" */ = {
			isa = XCConfigurationList;
			buildConfigurations = (
				AC0DA75214C9437700E12C5C /* Debug */,
				AC0DA75314C9437700E12C5C /* Release */,
			);
			defaultConfigurationIsVisible = 0;
			defaultConfigurationName = Release;
		};
		AC0DA75414C9437700E12C5C /* Build configuration list for PBXNativeTarget "practise8Poly" */ = {
			isa = XCConfigurationList;
			buildConfigurations = (
				AC0DA75514C9437700E12C5C /* Debug */,
				AC0DA75614C9437700E12C5C /* Release */,
			);
			defaultConfigurationIsVisible = 0;
			defaultConfigurationName = Release;
		};
/* End XCConfigurationList section */
	};
	rootObject = AC0DA73C14C9437700E12C5C /* Project object */;
}
